{
  "nodes": {
    "nixpkgs": {
      "locked": {
        "lastModified": 1738422722,
        "narHash": "sha256-Q4vhtbLYWBUnjWD4iQb003Lt+N5PuURDad1BngGKdUs=",
        "owner": "NixOS",
        "repo": "nixpkgs",
        "rev": "102a39bfee444533e6b4e8611d7e92aa39b7bec1",
        "type": "github"
      },
      "original": {
        "owner": "NixOS",
        "ref": "nixpkgs-unstable",
        "repo": "nixpkgs",
        "type": "github"
      }
    },
    "root": {
      "inputs": {
        "nixpkgs": "nixpkgs"
      }
    }
  },
  "root": "root",
  "version": 7
}
